// !$*UTF8*$!
{
	archiveVersion = 1;
	classes = {
	};
	objectVersion = 48;
	objects = {

/* Begin PBXBuildFile section */
		D694DD472000389B000CC920 /* AppDelegate.swift in Sources */ = {isa = PBXBuildFile; fileRef = D694DD462000389B000CC920 /* AppDelegate.swift */; };
		D694DD492000389B000CC920 /* ViewController.swift in Sources */ = {isa = PBXBuildFile; fileRef = D694DD482000389B000CC920 /* ViewController.swift */; };
		D694DD4C2000389B000CC920 /* Main.storyboard in Resources */ = {isa = PBXBuildFile; fileRef = D694DD4A2000389B000CC920 /* Main.storyboard */; };
		D694DD4E2000389B000CC920 /* Assets.xcassets in Resources */ = {isa = PBXBuildFile; fileRef = D694DD4D2000389B000CC920 /* Assets.xcassets */; };
		D694DD512000389B000CC920 /* LaunchScreen.storyboard in Resources */ = {isa = PBXBuildFile; fileRef = D694DD4F2000389B000CC920 /* LaunchScreen.storyboard */; };
		D694DD59200169A2000CC920 /* SwiftyJSON.swift in Sources */ = {isa = PBXBuildFile; fileRef = D694DD58200169A2000CC920 /* SwiftyJSON.swift */; };
/* End PBXBuildFile section */

/* Begin PBXFileReference section */
		D694DD432000389B000CC920 /* Project7_WhiteHousePetitions.app */ = {isa = PBXFileReference; explicitFileType = wrapper.application; includeInIndex = 0; path = Project7_WhiteHousePetitions.app; sourceTree = BUILT_PRODUCTS_DIR; };
		D694DD462000389B000CC920 /* AppDelegate.swift */ = {isa = PBXFileReference; lastKnownFileType = sourcecode.swift; path = AppDelegate.swift; sourceTree = "<group>"; };
		D694DD482000389B000CC920 /* ViewController.swift */ = {isa = PBXFileReference; lastKnownFileType = sourcecode.swift; path = ViewController.swift; sourceTree = "<group>"; };
		D694DD4B2000389B000CC920 /* Base */ = {isa = PBXFileReference; lastKnownFileType = file.storyboard; name = Base; path = Base.lproj/Main.storyboard; sourceTree = "<group>"; };
		D694DD4D2000389B000CC920 /* Assets.xcassets */ = {isa = PBXFileReference; lastKnownFileType = folder.assetcatalog; path = Assets.xcassets; sourceTree = "<group>"; };
		D694DD502000389B000CC920 /* Base */ = {isa = PBXFileReference; lastKnownFileType = file.storyboard; name = Base; path = Base.lproj/LaunchScreen.storyboard; sourceTree = "<group>"; };
		D694DD522000389B000CC920 /* Info.plist */ = {isa = PBXFileReference; lastKnownFileType = text.plist.xml; path = Info.plist; sourceTree = "<group>"; };
		D694DD58200169A2000CC920 /* SwiftyJSON.swift */ = {isa = PBXFileReference; fileEncoding = 4; lastKnownFileType = sourcecode.swift; path = SwiftyJSON.swift; sourceTree = "<group>"; };
/* End PBXFileReference section */

/* Begin PBXFrameworksBuildPhase section */
		D694DD402000389B000CC920 /* Frameworks */ = {
			isa = PBXFrameworksBuildPhase;
			buildActionMask = 2147483647;
			files = (
			);
			runOnlyForDeploymentPostprocessing = 0;
		};
/* End PBXFrameworksBuildPhase section */

/* Begin PBXGroup section */
		D694DD3A2000389B000CC920 = {
			isa = PBXGroup;
			children = (
				D694DD452000389B000CC920 /* Project7_WhiteHousePetitions */,
				D694DD442000389B000CC920 /* Products */,
			);
			sourceTree = "<group>";
		};
		D694DD442000389B000CC920 /* Products */ = {
			isa = PBXGroup;
			children = (
				D694DD432000389B000CC920 /* Project7_WhiteHousePetitions.app */,
			);
			name = Products;
			sourceTree = "<group>";
		};
		D694DD452000389B000CC920 /* Project7_WhiteHousePetitions */ = {
			isa = PBXGroup;
			children = (
				D694DD462000389B000CC920 /* AppDelegate.swift */,
				D694DD482000389B000CC920 /* ViewController.swift */,
				D694DD4A2000389B000CC920 /* Main.storyboard */,
				D694DD4D2000389B000CC920 /* Assets.xcassets */,
				D694DD58200169A2000CC920 /* SwiftyJSON.swift */,
				D694DD4F2000389B000CC920 /* LaunchScreen.storyboard */,
				D694DD522000389B000CC920 /* Info.plist */,
			);
			path = Project7_WhiteHousePetitions;
			sourceTree = "<group>";
		};
/* End PBXGroup section */

/* Begin PBXNativeTarget section */
		D694DD422000389B000CC920 /* Project7_WhiteHousePetitions */ = {
			isa = PBXNativeTarget;
			buildConfigurationList = D694DD552000389B000CC920 /* Build configuration list for PBXNativeTarget "Project7_WhiteHousePetitions" */;
			buildPhases = (
				D694DD3F2000389B000CC920 /* Sources */,
				D694DD402000389B000CC920 /* Frameworks */,
				D694DD412000389B000CC920 /* Resources */,
			);
			buildRules = (
			);
			dependencies = (
			);
			name = Project7_WhiteHousePetitions;
			productName = Project7_WhiteHousePetitions;
			productReference = D694DD432000389B000CC920 /* Project7_WhiteHousePetitions.app */;
			productType = "com.apple.product-type.application";
		};
/* End PBXNativeTarget section */

/* Begin PBXProject section */
		D694DD3B2000389B000CC920 /* Project object */ = {
			isa = PBXProject;
			attributes = {
				LastSwiftUpdateCheck = 0920;
				LastUpgradeCheck = 0920;
				ORGANIZATIONNAME = "Sabrina Fletcher";
				TargetAttributes = {
					D694DD422000389B000CC920 = {
						CreatedOnToolsVersion = 9.2;
						ProvisioningStyle = Automatic;
					};
				};
			};
			buildConfigurationList = D694DD3E2000389B000CC920 /* Build configuration list for PBXProject "Project7_WhiteHousePetitions" */;
			compatibilityVersion = "Xcode 8.0";
			developmentRegion = en;
			hasScannedForEncodings = 0;
			knownRegions = (
				en,
				Base,
			);
			mainGroup = D694DD3A2000389B000CC920;
			productRefGroup = D694DD442000389B000CC920 /* Products */;
			projectDirPath = "";
			projectRoot = "";
			targets = (
				D694DD422000389B000CC920 /* Project7_WhiteHousePetitions */,
			);
		};
/* End PBXProject section */

/* Begin PBXResourcesBuildPhase section */
		D694DD412000389B000CC920 /* Resources */ = {
			isa = PBXResourcesBuildPhase;
			buildActionMask = 2147483647;
			files = (
				D694DD512000389B000CC920 /* LaunchScreen.storyboard in Resources */,
				D694DD4E2000389B000CC920 /* Assets.xcassets in Resources */,
				D694DD4C2000389B000CC920 /* Main.storyboard in Resources */,
			);
			runOnlyForDeploymentPostprocessing = 0;
		};
/* End PBXResourcesBuildPhase section */

/* Begin PBXSourcesBuildPhase section */
		D694DD3F2000389B000CC920 /* Sources */ = {
			isa = PBXSourcesBuildPhase;
			buildActionMask = 2147483647;
			files = (
				D694DD59200169A2000CC920 /* SwiftyJSON.swift in Sources */,
				D694DD492000389B000CC920 /* ViewController.swift in Sources */,
				D694DD472000389B000CC920 /* AppDelegate.swift in Sources */,
			);
			runOnlyForDeploymentPostprocessing = 0;
		};
/* End PBXSourcesBuildPhase section */

/* Begin PBXVariantGroup section */
		D694DD4A2000389B000CC920 /* Main.storyboard */ = {
			isa = PBXVariantGroup;
			children = (
				D694DD4B2000389B000CC920 /* Base */,
			);
			name = Main.storyboard;
			sourceTree = "<group>";
		};
		D694DD4F2000389B000CC920 /* LaunchScreen.storyboard */ = {
			isa = PBXVariantGroup;
			children = (
				D694DD502000389B000CC920 /* Base */,
			);
			name = LaunchScreen.storyboard;
			sourceTree = "<group>";
		};
/* End PBXVariantGroup section */

/* Begin XCBuildConfiguration section */
		D694DD532000389B000CC920 /* Debug */ = {
			isa = XCBuildConfiguration;
			buildSettings = {
				ALWAYS_SEARCH_USER_PATHS = NO;
				CLANG_ANALYZER_NONNULL = YES;
				CLANG_ANALYZER_NUMBER_OBJECT_CONVERSION = YES_AGGRESSIVE;
				CLANG_CXX_LANGUAGE_STANDARD = "gnu++14";
				CLANG_CXX_LIBRARY = "libc++";
				CLANG_ENABLE_MODULES = YES;
				CLANG_ENABLE_OBJC_ARC = YES;
				CLANG_WARN_BLOCK_CAPTURE_AUTORELEASING = YES;
				CLANG_WARN_BOOL_CONVERSION = YES;
				CLANG_WARN_COMMA = YES;
				CLANG_WARN_CONSTANT_CONVERSION = YES;
				CLANG_WARN_DIRECT_OBJC_ISA_USAGE = YES_ERROR;
				CLANG_WARN_DOCUMENTATION_COMMENTS = YES;
				CLANG_WARN_EMPTY_BODY = YES;
				CLANG_WARN_ENUM_CONVERSION = YES;
				CLANG_WARN_INFINITE_RECURSION = YES;
				CLANG_WARN_INT_CONVERSION = YES;
				CLANG_WARN_NON_LITERAL_NULL_CONVERSION = YES;
				CLANG_WARN_OBJC_LITERAL_CONVERSION = YES;
				CLANG_WARN_OBJC_ROOT_CLASS = YES_ERROR;
				CLANG_WARN_RANGE_LOOP_ANALYSIS = YES;
				CLANG_WARN_STRICT_PROTOTYPES = YES;
				CLANG_WARN_SUSPICIOUS_MOVE = YES;
				CLANG_WARN_UNGUARDED_AVAILABILITY = YES_AGGRESSIVE;
				CLANG_WARN_UNREACHABLE_CODE = YES;
				CLANG_WARN__DUPLICATE_METHOD_MATCH = YES;
				CODE_SIGN_IDENTITY = "iPhone Developer";
				COPY_PHASE_STRIP = NO;
				DEBUG_INFORMATION_FORMAT = dwarf;
				ENABLE_STRICT_OBJC_MSGSEND = YES;
				ENABLE_TESTABILITY = YES;
				GCC_C_LANGUAGE_STANDARD = gnu11;
				GCC_DYNAMIC_NO_PIC = NO;
				GCC_NO_COMMON_BLOCKS = YES;
				GCC_OPTIMIZATION_LEVEL = 0;
				GCC_PREPROCESSOR_DEFINITIONS = (
					"DEBUG=1",
					"$(inherited)",
				);
				GCC_WARN_64_TO_32_BIT_CONVERSION = YES;
				GCC_WARN_ABOUT_RETURN_TYPE = YES_ERROR;
				GCC_WARN_UNDECLARED_SELECTOR = YES;
				GCC_WARN_UNINITIALIZED_AUTOS = YES_AGGRESSIVE;
				GCC_WARN_UNUSED_FUNCTION = YES;
				GCC_WARN_UNUSED_VARIABLE = YES;
				IPHONEOS_DEPLOYMENT_TARGET = 11.2;
				MTL_ENABLE_DEBUG_INFO = YES;
				ONLY_ACTIVE_ARCH = YES;
				SDKROOT = iphoneos;
				SWIFT_ACTIVE_COMPILATION_CONDITIONS = DEBUG;
				SWIFT_OPTIMIZATION_LEVEL = "-Onone";
			};
			name = Debug;
		};
		D694DD542000389B000CC920 /* Release */ = {
			isa = XCBuildConfiguration;
			buildSettings = {
				ALWAYS_SEARCH_USER_PATHS = NO;
				CLANG_ANALYZER_NONNULL = YES;
				CLANG_ANALYZER_NUMBER_OBJECT_CONVERSION = YES_AGGRESSIVE;
				CLANG_CXX_LANGUAGE_STANDARD = "gnu++14";
				CLANG_CXX_LIBRARY = "libc++";
				CLANG_ENABLE_MODULES = YES;
				CLANG_ENABLE_OBJC_ARC = YES;
				CLANG_WARN_BLOCK_CAPTURE_AUTORELEASING = YES;
				CLANG_WARN_BOOL_CONVERSION = YES;
				CLANG_WARN_COMMA = YES;
				CLANG_WARN_CONSTANT_CONVERSION = YES;
				CLANG_WARN_DIRECT_OBJC_ISA_USAGE = YES_ERROR;
				CLANG_WARN_DOCUMENTATION_COMMENTS = YES;
				CLANG_WARN_EMPTY_BODY = YES;
				CLANG_WARN_ENUM_CONVERSION = YES;
				CLANG_WARN_INFINITE_RECURSION = YES;
				CLANG_WARN_INT_CONVERSION = YES;
				CLANG_WARN_NON_LITERAL_NULL_CONVERSION = YES;
				CLANG_WARN_OBJC_LITERAL_CONVERSION = YES;
				CLANG_WARN_OBJC_ROOT_CLASS = YES_ERROR;
				CLANG_WARN_RANGE_LOOP_ANALYSIS = YES;
				CLANG_WARN_STRICT_PROTOTYPES = YES;
				CLANG_WARN_SUSPICIOUS_MOVE = YES;
				CLANG_WARN_UNGUARDED_AVAILABILITY = YES_AGGRESSIVE;
				CLANG_WARN_UNREACHABLE_CODE = YES;
				CLANG_WARN__DUPLICATE_METHOD_MATCH = YES;
				CODE_SIGN_IDENTITY = "iPhone Developer";
				COPY_PHASE_STRIP = NO;
				DEBUG_INFORMATION_FORMAT = "dwarf-with-dsym";
				ENABLE_NS_ASSERTIONS = NO;
				ENABLE_STRICT_OBJC_MSGSEND = YES;
				GCC_C_LANGUAGE_STANDARD = gnu11;
				GCC_NO_COMMON_BLOCKS = YES;
				GCC_WARN_64_TO_32_BIT_CONVERSION = YES;
				GCC_WARN_ABOUT_RETURN_TYPE = YES_ERROR;
				GCC_WARN_UNDECLARED_SELECTOR = YES;
				GCC_WARN_UNINITIALIZED_AUTOS = YES_AGGRESSIVE;
				GCC_WARN_UNUSED_FUNCTION = YES;
				GCC_WARN_UNUSED_VARIABLE = YES;
				IPHONEOS_DEPLOYMENT_TARGET = 11.2;
				MTL_ENABLE_DEBUG_INFO = NO;
				SDKROOT = iphoneos;
				SWIFT_OPTIMIZATION_LEVEL = "-Owholemodule";
				VALIDATE_PRODUCT = YES;
			};
			name = Release;
		};
		D694DD562000389B000CC920 /* Debug */ = {
			isa = XCBuildConfiguration;
			buildSettings = {
				ASSETCATALOG_COMPILER_APPICON_NAME = AppIcon;
				CODE_SIGN_STYLE = Automatic;
				DEVELOPMENT_TEAM = FUWHW8446R;
				INFOPLIST_FILE = Project7_WhiteHousePetitions/Info.plist;
				LD_RUNPATH_SEARCH_PATHS = "$(inherited) @executable_path/Frameworks";
				PRODUCT_BUNDLE_IDENTIFIER = "Sabrina-Fletcher.Project7-WhiteHousePetitions";
				PRODUCT_NAME = "$(TARGET_NAME)";
				SWIFT_VERSION = 4.0;
				TARGETED_DEVICE_FAMILY = "1,2";
			};
			name = Debug;
		};
		D694DD572000389B000CC920 /* Release */ = {
			isa = XCBuildConfiguration;
			buildSettings = {
				ASSETCATALOG_COMPILER_APPICON_NAME = AppIcon;
				CODE_SIGN_STYLE = Automatic;
				DEVELOPMENT_TEAM = FUWHW8446R;
				INFOPLIST_FILE = Project7_WhiteHousePetitions/Info.plist;
				LD_RUNPATH_SEARCH_PATHS = "$(inherited) @executable_path/Frameworks";
				PRODUCT_BUNDLE_IDENTIFIER = "Sabrina-Fletcher.Project7-WhiteHousePetitions";
				PRODUCT_NAME = "$(TARGET_NAME)";
				SWIFT_VERSION = 4.0;
				TARGETED_DEVICE_FAMILY = "1,2";
			};
			name = Release;
		};
/* End XCBuildConfiguration section */

/* Begin XCConfigurationList section */
		D694DD3E2000389B000CC920 /* Build configuration list for PBXProject "Project7_WhiteHousePetitions" */ = {
			isa = XCConfigurationList;
			buildConfigurations = (
				D694DD532000389B000CC920 /* Debug */,
				D694DD542000389B000CC920 /* Release */,
			);
			defaultConfigurationIsVisible = 0;
			defaultConfigurationName = Release;
		};
		D694DD552000389B000CC920 /* Build configuration list for PBXNativeTarget "Project7_WhiteHousePetitions" */ = {
			isa = XCConfigurationList;
			buildConfigurations = (
				D694DD562000389B000CC920 /* Debug */,
				D694DD572000389B000CC920 /* Release */,
			);
			defaultConfigurationIsVisible = 0;
			defaultConfigurationName = Release;
		};
/* End XCConfigurationList section */
	};
	rootObject = D694DD3B2000389B000CC920 /* Project object */;
}
